
Microsoft Visual Studio Solution File, Format Version 12.00
Project("{FAE04EC0-301F-11D3-BF4B-00C04F79EFBC}") = "SimpleORM", "SimpleORM\SimpleORM.csproj", "{421DDA35-AD03-44FF-A968-8CBD7737B6E7}"
EndProject
Project("{FAE04EC0-301F-11D3-BF4B-00C04F79EFBC}") = "SimpleORM.Samples", "SimpleORM.Samples\SimpleORM.Samples.csproj", "{396301CC-CC06-4C87-AA11-EA5BFB81C383}"
EndProject
Project("{FAE04EC0-301F-11D3-BF4B-00C04F79EFBC}") = "SimpleORM.SQLite", "SimpleORM.SQLite\SimpleORM.SQLite.csproj", "{C6A1B4B4-F791-4836-B9A7-CDE0748254AD}"
EndProject
Global
	GlobalSection(SolutionConfigurationPlatforms) = preSolution
		Debug|Any CPU = Debug|Any CPU
		Release|Any CPU = Release|Any CPU
	EndGlobalSection
	GlobalSection(ProjectConfigurationPlatforms) = postSolution
		{421DDA35-AD03-44FF-A968-8CBD7737B6E7}.Debug|Any CPU.ActiveCfg = Debug|Any CPU
		{421DDA35-AD03-44FF-A968-8CBD7737B6E7}.Debug|Any CPU.Build.0 = Debug|Any CPU
		{421DDA35-AD03-44FF-A968-8CBD7737B6E7}.Release|Any CPU.ActiveCfg = Release|Any CPU
		{421DDA35-AD03-44FF-A968-8CBD7737B6E7}.Release|Any CPU.Build.0 = Release|Any CPU
		{396301CC-CC06-4C87-AA11-EA5BFB81C383}.Debug|Any CPU.ActiveCfg = Debug|Any CPU
		{396301CC-CC06-4C87-AA11-EA5BFB81C383}.Debug|Any CPU.Build.0 = Debug|Any CPU
		{396301CC-CC06-4C87-AA11-EA5BFB81C383}.Release|Any CPU.ActiveCfg = Release|Any CPU
		{396301CC-CC06-4C87-AA11-EA5BFB81C383}.Release|Any CPU.Build.0 = Release|Any CPU
		{C6A1B4B4-F791-4836-B9A7-CDE0748254AD}.Debug|Any CPU.ActiveCfg = Debug|Any CPU
		{C6A1B4B4-F791-4836-B9A7-CDE0748254AD}.Debug|Any CPU.Build.0 = Debug|Any CPU
		{C6A1B4B4-F791-4836-B9A7-CDE0748254AD}.Release|Any CPU.ActiveCfg = Release|Any CPU
		{C6A1B4B4-F791-4836-B9A7-CDE0748254AD}.Release|Any CPU.Build.0 = Release|Any CPU
	EndGlobalSection
EndGlobal
